{
  "name": "nightcoreify",
  "version": "1.0.0",
  "lockfileVersion": 1,
  "requires": true,
  "dependencies": {
    "@sindresorhus/is": {
      "version": "1.2.0",
      "resolved": "https://registry.npmjs.org/@sindresorhus/is/-/is-1.2.0.tgz",
      "integrity": "sha1-Y842OMuFIx83BBZMkKGO+BbaP7c="
    },
    "@szmarczak/http-timer": {
      "version": "4.0.0",
      "resolved": "https://registry.npmjs.org/@szmarczak/http-timer/-/http-timer-4.0.0.tgz",
      "integrity": "sha1-MJeJzLeEL/HkGEjPQ9pYf3gGiDY=",
      "requires": {
        "defer-to-connect": "^1.1.1"
      }
    },
    "@tokenizer/token": {
      "version": "0.1.1",
      "resolved": "https://registry.npmjs.org/@tokenizer/token/-/token-0.1.1.tgz",
      "integrity": "sha1-8NksEvhwed39Gyn2FHWLlpa8KeM="
    },
    "@types/cacheable-request": {
      "version": "6.0.1",
      "resolved": "https://registry.npmjs.org/@types/cacheable-request/-/cacheable-request-6.0.1.tgz",
      "integrity": "sha1-XSLz3e0f06hMC761A5p0GcLJGXY=",
      "requires": {
        "@types/http-cache-semantics": "*",
        "@types/keyv": "*",
        "@types/node": "*",
        "@types/responselike": "*"
      }
    },
    "@types/http-cache-semantics": {
      "version": "4.0.0",
      "resolved": "https://registry.npmjs.org/@types/http-cache-semantics/-/http-cache-semantics-4.0.0.tgz",
      "integrity": "sha1-kUB3lzaqJlVjXudW4kZ9eHz+iio="
    },
    "@types/keyv": {
      "version": "3.1.1",
      "resolved": "https://registry.npmjs.org/@types/keyv/-/keyv-3.1.1.tgz",
      "integrity": "sha1-5FpFMk/KnatxarEjDuJJyftSz6c=",
      "requires": {
        "@types/node": "*"
      }
    },
    "@types/node": {
      "version": "13.1.6",
      "resolved": "https://registry.npmjs.org/@types/node/-/node-13.1.6.tgz",
      "integrity": "sha1-B2Ao0LBAC+gQW4mgpVVQyGaE/+w="
    },
    "@types/responselike": {
      "version": "1.0.0",
      "resolved": "https://registry.npmjs.org/@types/responselike/-/responselike-1.0.0.tgz",
      "integrity": "sha1-JR9P59FU0rrRJavhtCmyOv0mLik=",
      "requires": {
        "@types/node": "*"
      }
    },
    "abort-controller": {
      "version": "3.0.0",
      "resolved": "https://registry.npmjs.org/abort-controller/-/abort-controller-3.0.0.tgz",
      "integrity": "sha1-6vVNU7YrrkE46AnKIlyEOabvs5I=",
      "requires": {
        "event-target-shim": "^5.0.0"
      }
    },
    "agent-base": {
      "version": "5.1.1",
      "resolved": "https://registry.npmjs.org/agent-base/-/agent-base-5.1.1.tgz",
      "integrity": "sha512-TMeqbNl2fMW0nMjTEPOwe3J/PRFP4vqeoNuQMG0HlMrtm5QxKqdvAkZ1pRBQ/ulIyDD5Yq0nJ7YbdD8ey0TO3g=="
    },
    "arrify": {
      "version": "2.0.1",
      "resolved": "https://registry.npmjs.org/arrify/-/arrify-2.0.1.tgz",
      "integrity": "sha1-yWVekzHgq81YjSp8rX6ZVvZnAfo="
    },
    "async": {
      "version": "2.6.3",
      "resolved": "https://registry.npmjs.org/async/-/async-2.6.3.tgz",
      "integrity": "sha1-1yYl4jRKNlbjo61Pp0n6gymdgv8=",
      "requires": {
        "lodash": "^4.17.14"
      }
    },
    "axios": {
      "version": "0.19.0",
      "resolved": "https://registry.npmjs.org/axios/-/axios-0.19.0.tgz",
      "integrity": "sha1-jgm/89kSLhM/e4EByPvdAO09Krg=",
      "requires": {
        "follow-redirects": "1.5.10",
        "is-buffer": "^2.0.2"
      }
    },
    "balanced-match": {
      "version": "1.0.0",
      "resolved": "https://registry.npmjs.org/balanced-match/-/balanced-match-1.0.0.tgz",
      "integrity": "sha1-ibTRmasr7kneFk6gK4nORi1xt2c="
    },
    "base64-js": {
      "version": "1.3.1",
      "resolved": "https://registry.npmjs.org/base64-js/-/base64-js-1.3.1.tgz",
      "integrity": "sha1-WOzoy3XdB+ce0IxzarxfrE2/jfE="
    },
    "bignumber.js": {
      "version": "7.2.1",
      "resolved": "https://registry.npmjs.org/bignumber.js/-/bignumber.js-7.2.1.tgz",
      "integrity": "sha1-gMBIdZ2CaACAfEv9Uh5Q7bulel8="
    },
    "blueimp-md5": {
      "version": "2.12.0",
      "resolved": "https://registry.npmjs.org/blueimp-md5/-/blueimp-md5-2.12.0.tgz",
      "integrity": "sha1-vnNnk4qInew/+7cROGF8EX6cEwo="
    },
    "brace-expansion": {
      "version": "1.1.11",
      "resolved": "https://registry.npmjs.org/brace-expansion/-/brace-expansion-1.1.11.tgz",
      "integrity": "sha1-PH/L9SnYcibz0vUrlm/1Jx60Qd0=",
      "requires": {
        "balanced-match": "^1.0.0",
        "concat-map": "0.0.1"
      }
    },
    "buffer-equal-constant-time": {
      "version": "1.0.1",
      "resolved": "https://registry.npmjs.org/buffer-equal-constant-time/-/buffer-equal-constant-time-1.0.1.tgz",
      "integrity": "sha1-+OcRMvf/5uAaXJaXpMbz5I1cyBk="
    },
    "cacheable-lookup": {
      "version": "0.2.1",
      "resolved": "https://registry.npmjs.org/cacheable-lookup/-/cacheable-lookup-0.2.1.tgz",
      "integrity": "sha1-9HSuLGhmZ9fqCMQ0Ca0xsrMbJsI=",
      "requires": {
        "keyv": "^3.1.0"
      }
    },
    "cacheable-request": {
      "version": "7.0.0",
      "resolved": "https://registry.npmjs.org/cacheable-request/-/cacheable-request-7.0.0.tgz",
      "integrity": "sha1-EkIaoITpQ+yB6sjJPlavkMYkeIo=",
      "requires": {
        "clone-response": "^1.0.2",
        "get-stream": "^5.1.0",
        "http-cache-semantics": "^4.0.0",
        "keyv": "^3.0.0",
        "lowercase-keys": "^2.0.0",
        "normalize-url": "^4.1.0",
        "responselike": "^2.0.0"
      }
    },
    "clone-response": {
      "version": "1.0.2",
      "resolved": "https://registry.npmjs.org/clone-response/-/clone-response-1.0.2.tgz",
      "integrity": "sha1-0dyXOSAxTfZ/vrlCI7TuNQI56Ws=",
      "requires": {
        "mimic-response": "^1.0.0"
      },
      "dependencies": {
        "mimic-response": {
          "version": "1.0.1",
          "resolved": "https://registry.npmjs.org/mimic-response/-/mimic-response-1.0.1.tgz",
          "integrity": "sha1-SSNTiHju9CBjy4o+OweYeBSHqxs="
        }
      }
    },
    "concat-map": {
      "version": "0.0.1",
      "resolved": "https://registry.npmjs.org/concat-map/-/concat-map-0.0.1.tgz",
      "integrity": "sha1-2Klr13/Wjfd5OnMDajug1UBdR3s="
    },
    "content-type": {
      "version": "1.0.4",
      "resolved": "https://registry.npmjs.org/content-type/-/content-type-1.0.4.tgz",
      "integrity": "sha1-4TjMdeBAxyexlm/l5fjJruJW/js="
    },
    "debug": {
      "version": "3.1.0",
      "resolved": "https://registry.npmjs.org/debug/-/debug-3.1.0.tgz",
      "integrity": "sha1-W7WgZyYotkFJVmuhaBnmFRjGcmE=",
      "requires": {
        "ms": "2.0.0"
      }
    },
    "decompress-response": {
      "version": "5.0.0",
      "resolved": "https://registry.npmjs.org/decompress-response/-/decompress-response-5.0.0.tgz",
      "integrity": "sha1-eEk5boDj0euoyy9170kw92Rhyw8=",
      "requires": {
        "mimic-response": "^2.0.0"
      }
    },
    "defer-to-connect": {
      "version": "1.1.1",
      "resolved": "https://registry.npmjs.org/defer-to-connect/-/defer-to-connect-1.1.1.tgz",
      "integrity": "sha1-iK5pS5P2e4GBWiyMdprvZXSsjy8="
    },
    "dotenv": {
      "version": "8.2.0",
      "resolved": "https://registry.npmjs.org/dotenv/-/dotenv-8.2.0.tgz",
      "integrity": "sha1-l+YZJZradQ7qPk6j4mvO6lQksWo="
    },
    "duplexer3": {
      "version": "0.1.4",
      "resolved": "https://registry.npmjs.org/duplexer3/-/duplexer3-0.1.4.tgz",
      "integrity": "sha1-7gHdHKwO08vH/b6jfcCo8c4ALOI="
    },
    "ecdsa-sig-formatter": {
      "version": "1.0.11",
      "resolved": "https://registry.npmjs.org/ecdsa-sig-formatter/-/ecdsa-sig-formatter-1.0.11.tgz",
      "integrity": "sha1-rg8PothQRe8UqBfao86azQSJ5b8=",
      "requires": {
        "safe-buffer": "^5.0.1"
      }
    },
    "end-of-stream": {
      "version": "1.4.4",
      "resolved": "https://registry.npmjs.org/end-of-stream/-/end-of-stream-1.4.4.tgz",
      "integrity": "sha1-WuZKX0UFe682JuwU2gyl5LJDHrA=",
      "requires": {
        "once": "^1.4.0"
      }
    },
    "event-target-shim": {
      "version": "5.0.1",
      "resolved": "https://registry.npmjs.org/event-target-shim/-/event-target-shim-5.0.1.tgz",
      "integrity": "sha1-XU0+vflYPWOlMzzi3rdICrKwV4k="
    },
    "extend": {
      "version": "3.0.2",
      "resolved": "https://registry.npmjs.org/extend/-/extend-3.0.2.tgz",
      "integrity": "sha1-+LETa0Bx+9jrFAr/hYsQGewpFfo="
    },
    "extend-shallow": {
      "version": "2.0.1",
      "resolved": "https://registry.npmjs.org/extend-shallow/-/extend-shallow-2.0.1.tgz",
      "integrity": "sha1-Ua99YUrZqfYQ6huvu5idaxxWiQ8=",
      "requires": {
        "is-extendable": "^0.1.0"
      }
    },
    "fast-text-encoding": {
      "version": "1.0.0",
      "resolved": "https://registry.npmjs.org/fast-text-encoding/-/fast-text-encoding-1.0.0.tgz",
      "integrity": "sha1-PlzoKTQJz6pxd6cbnKhOGx5vJe8="
    },
    "fluent-ffmpeg": {
      "version": "2.1.2",
      "resolved": "https://registry.npmjs.org/fluent-ffmpeg/-/fluent-ffmpeg-2.1.2.tgz",
      "integrity": "sha1-yVLeIkD4EuvaCqgAbXd27irPfXQ=",
      "requires": {
        "async": ">=0.2.9",
        "which": "^1.1.1"
      }
    },
    "follow-redirects": {
      "version": "1.5.10",
      "resolved": "https://registry.npmjs.org/follow-redirects/-/follow-redirects-1.5.10.tgz",
      "integrity": "sha1-e3qfmuov3/NnhqlP9kPtB/T/Xio=",
      "requires": {
        "debug": "=3.1.0"
      }
    },
    "fs.realpath": {
      "version": "1.0.0",
      "resolved": "https://registry.npmjs.org/fs.realpath/-/fs.realpath-1.0.0.tgz",
      "integrity": "sha1-FQStJSMVjKpA20onh8sBQRmU6k8="
    },
    "gaxios": {
      "version": "2.2.2",
      "resolved": "https://registry.npmjs.org/gaxios/-/gaxios-2.2.2.tgz",
      "integrity": "sha512-fzttYsjvZxCaN+bQK7FtAMgoIlPtHkMwlz7vHD+aNRcU7I7gHgnp6hvGJksoo+dO1TDxaog+dSBycbYhHIStaA==",
      "requires": {
        "abort-controller": "^3.0.0",
        "extend": "^3.0.2",
        "https-proxy-agent": "^4.0.0",
        "is-stream": "^2.0.0",
        "node-fetch": "^2.3.0"
      }
    },
    "gcp-metadata": {
      "version": "3.3.0",
      "resolved": "https://registry.npmjs.org/gcp-metadata/-/gcp-metadata-3.3.0.tgz",
      "integrity": "sha512-uO3P/aByOQmoDu5bOYBODHmD1oDCZw7/R8SYY0MdmMQSZVEmeTSxmiM1vwde+YHYSpkaQnAAMAIZuOqLvgfp/Q==",
      "requires": {
        "gaxios": "^2.1.0",
        "json-bigint": "^0.3.0"
      }
    },
    "get-stream": {
      "version": "5.1.0",
      "resolved": "https://registry.npmjs.org/get-stream/-/get-stream-5.1.0.tgz",
      "integrity": "sha1-ASA83JJZf5uQkGfD5lbMH008Tck=",
      "requires": {
        "pump": "^3.0.0"
      }
    },
    "glob": {
      "version": "7.1.4",
      "resolved": "https://registry.npmjs.org/glob/-/glob-7.1.4.tgz",
      "integrity": "sha1-qmCKL2xXetNX4a5aXCbZqNGWklU=",
      "requires": {
        "fs.realpath": "^1.0.0",
        "inflight": "^1.0.4",
        "inherits": "2",
        "minimatch": "^3.0.4",
        "once": "^1.3.0",
        "path-is-absolute": "^1.0.0"
      }
    },
    "google-auth-library": {
      "version": "5.8.0",
      "resolved": "https://registry.npmjs.org/google-auth-library/-/google-auth-library-5.8.0.tgz",
      "integrity": "sha512-aXVUAUAhyof66F1STizYRQwO8nAqp7DDhF0tvfyXyZof8LxXaYtOk7CJeZ+o7G+o1EfqJZi9AAlK3FhZVzYWuQ==",
      "requires": {
        "arrify": "^2.0.0",
        "base64-js": "^1.3.0",
        "fast-text-encoding": "^1.0.0",
        "gaxios": "^2.1.0",
        "gcp-metadata": "^3.3.0",
        "gtoken": "^4.1.0",
        "jws": "^4.0.0",
        "lru-cache": "^5.0.0"
      }
    },
    "google-p12-pem": {
      "version": "2.0.4",
      "resolved": "https://registry.npmjs.org/google-p12-pem/-/google-p12-pem-2.0.4.tgz",
      "integrity": "sha512-S4blHBQWZRnEW44OcR7TL9WR+QCqByRvhNDZ/uuQfpxywfupikf/miba8js1jZi6ZOGv5slgSuoshCWh6EMDzg==",
      "requires": {
        "node-forge": "^0.9.0"
      }
    },
    "googleapis": {
      "version": "46.0.0",
      "resolved": "https://registry.npmjs.org/googleapis/-/googleapis-46.0.0.tgz",
      "integrity": "sha512-MOA6Qpu0jQfdnWZEyoAfW6duhWZxZxgrIzOtxNmsSj0WgLfot2s0vcAAq7MtCo1OX+/SduCsdJjCzq2tmhuxFw==",
      "requires": {
        "google-auth-library": "^5.6.1",
        "googleapis-common": "^3.2.0"
      }
    },
    "googleapis-common": {
      "version": "3.2.1",
      "resolved": "https://registry.npmjs.org/googleapis-common/-/googleapis-common-3.2.1.tgz",
      "integrity": "sha512-lPAJXYpZLvY4AZp57RWj1eUXS2D5LxS3y6W0n9Jbl6eKOWmyLgz99f84XVCxVnyq8DcgV/ZAxt1lpFEzGZkVvQ==",
      "requires": {
        "extend": "^3.0.2",
        "gaxios": "^2.0.1",
        "google-auth-library": "^5.6.1",
        "qs": "^6.7.0",
        "url-template": "^2.0.8",
        "uuid": "^3.3.2"
      }
    },
    "got": {
      "version": "10.2.1",
      "resolved": "https://registry.npmjs.org/got/-/got-10.2.1.tgz",
      "integrity": "sha512-IQX//hGm5oLjUj743GJG30U2RzjS58ZlhQQjwQXjsyR50TTD+etVMHlMEbNxYJGWVFa0ASgDVhRkAvQPe6M9iQ==",
      "requires": {
        "@sindresorhus/is": "^1.0.0",
        "@szmarczak/http-timer": "^4.0.0",
        "@types/cacheable-request": "^6.0.1",
        "cacheable-lookup": "^0.2.1",
        "cacheable-request": "^7.0.0",
        "decompress-response": "^5.0.0",
        "duplexer3": "^0.1.4",
        "get-stream": "^5.0.0",
        "lowercase-keys": "^2.0.0",
        "mimic-response": "^2.0.0",
        "p-cancelable": "^2.0.0",
        "responselike": "^2.0.0",
        "to-readable-stream": "^2.0.0",
        "type-fest": "^0.8.0"
      }
    },
    "gtoken": {
      "version": "4.1.4",
      "resolved": "https://registry.npmjs.org/gtoken/-/gtoken-4.1.4.tgz",
      "integrity": "sha512-VxirzD0SWoFUo5p8RDP8Jt2AGyOmyYcT/pOUgDKJCK+iSw0TMqwrVfY37RXTNmoKwrzmDHSk0GMT9FsgVmnVSA==",
      "requires": {
        "gaxios": "^2.1.0",
        "google-p12-pem": "^2.0.0",
        "jws": "^4.0.0",
        "mime": "^2.2.0"
      }
    },
    "html-entities": {
      "version": "1.2.1",
      "resolved": "https://registry.npmjs.org/html-entities/-/html-entities-1.2.1.tgz",
      "integrity": "sha1-DfKTUfByEWNRXfueVUPl9u7VFi8="
    },
    "http-cache-semantics": {
      "version": "4.0.3",
      "resolved": "https://registry.npmjs.org/http-cache-semantics/-/http-cache-semantics-4.0.3.tgz",
      "integrity": "sha1-SVcEdzJ37u9uQ/mrLCx9JZ3aJcU="
    },
    "https-proxy-agent": {
      "version": "4.0.0",
      "resolved": "https://registry.npmjs.org/https-proxy-agent/-/https-proxy-agent-4.0.0.tgz",
      "integrity": "sha512-zoDhWrkR3of1l9QAL8/scJZyLu8j/gBkcwcaQOZh7Gyh/+uJQzGVETdgT30akuwkpL8HTRfssqI3BZuV18teDg==",
      "requires": {
        "agent-base": "5",
        "debug": "4"
      },
      "dependencies": {
        "debug": {
          "version": "4.1.1",
          "resolved": "https://registry.npmjs.org/debug/-/debug-4.1.1.tgz",
          "integrity": "sha512-pYAIzeRo8J6KPEaJ0VWOh5Pzkbw/RetuzehGM7QRRX5he4fPHx2rdKMB256ehJCkX+XRQm16eZLqLNS8RSZXZw==",
          "requires": {
            "ms": "^2.1.1"
          }
        },
        "ms": {
          "version": "2.1.2",
          "resolved": "https://registry.npmjs.org/ms/-/ms-2.1.2.tgz",
          "integrity": "sha512-sGkPx+VjMtmA6MX27oA4FBFELFCZZ4S4XqeGOXCv68tT+jb3vk/RyaKWP0PTKyWtmLSM0b+adUTEvbs1PEaH2w=="
        }
      }
    },
    "ieee754": {
      "version": "1.1.13",
      "resolved": "https://registry.npmjs.org/ieee754/-/ieee754-1.1.13.tgz",
      "integrity": "sha1-7BaFWOlaoYH9h9N/VcMrvLZwi4Q="
    },
    "inflight": {
      "version": "1.0.6",
      "resolved": "https://registry.npmjs.org/inflight/-/inflight-1.0.6.tgz",
      "integrity": "sha1-Sb1jMdfQLQwJvJEKEHW6gWW1bfk=",
      "requires": {
        "once": "^1.3.0",
        "wrappy": "1"
      }
    },
    "inherits": {
      "version": "2.0.4",
      "resolved": "https://registry.npmjs.org/inherits/-/inherits-2.0.4.tgz",
      "integrity": "sha1-D6LGT5MpF8NDOg3tVTY6rjdBa3w="
    },
    "is-buffer": {
      "version": "2.0.4",
      "resolved": "https://registry.npmjs.org/is-buffer/-/is-buffer-2.0.4.tgz",
      "integrity": "sha1-PlcvI8hBGlz9lVfISeNmXgspBiM="
    },
    "is-extendable": {
      "version": "0.1.1",
      "resolved": "https://registry.npmjs.org/is-extendable/-/is-extendable-0.1.1.tgz",
      "integrity": "sha1-YrEQ4omkcUGOPsNqYX1HLjAd/Ik="
    },
    "is-stream": {
      "version": "2.0.0",
      "resolved": "https://registry.npmjs.org/is-stream/-/is-stream-2.0.0.tgz",
      "integrity": "sha512-XCoy+WlUr7d1+Z8GgSuXmpuUFC9fOhRXglJMx+dwLKTkL44Cjd4W1Z5P+BQZpr+cR93aGP4S/s7Ftw6Nd/kiEw=="
    },
    "is-typedarray": {
      "version": "1.0.0",
      "resolved": "https://registry.npmjs.org/is-typedarray/-/is-typedarray-1.0.0.tgz",
      "integrity": "sha1-5HnICFjfDBsR3dppQPlgEfzaSpo="
    },
    "isexe": {
      "version": "2.0.0",
      "resolved": "https://registry.npmjs.org/isexe/-/isexe-2.0.0.tgz",
      "integrity": "sha1-6PvzdNxVb/iUehDcsFctYz8s+hA="
    },
    "json-bigint": {
      "version": "0.3.0",
      "resolved": "https://registry.npmjs.org/json-bigint/-/json-bigint-0.3.0.tgz",
      "integrity": "sha1-DM2RLEuCcNBfBW+9E4FLU9OCWx4=",
      "requires": {
        "bignumber.js": "^7.0.0"
      }
    },
    "json-buffer": {
      "version": "3.0.0",
      "resolved": "https://registry.npmjs.org/json-buffer/-/json-buffer-3.0.0.tgz",
      "integrity": "sha1-Wx85evx11ne96Lz8Dkfh+aPZqJg="
    },
    "jwa": {
      "version": "2.0.0",
      "resolved": "https://registry.npmjs.org/jwa/-/jwa-2.0.0.tgz",
      "integrity": "sha512-jrZ2Qx916EA+fq9cEAeCROWPTfCwi1IVHqT2tapuqLEVVDKFDENFw1oL+MwrTvH6msKxsd1YTDVw6uKEcsrLEA==",
      "requires": {
        "buffer-equal-constant-time": "1.0.1",
        "ecdsa-sig-formatter": "1.0.11",
        "safe-buffer": "^5.0.1"
      }
    },
    "jws": {
      "version": "4.0.0",
      "resolved": "https://registry.npmjs.org/jws/-/jws-4.0.0.tgz",
      "integrity": "sha512-KDncfTmOZoOMTFG4mBlG0qUIOlc03fmzH+ru6RgYVZhPkyiy/92Owlt/8UEN+a4TXR1FQetfIpJE8ApdvdVxTg==",
      "requires": {
        "jwa": "^2.0.0",
        "safe-buffer": "^5.0.1"
      }
    },
    "keyv": {
      "version": "3.1.0",
      "resolved": "https://registry.npmjs.org/keyv/-/keyv-3.1.0.tgz",
      "integrity": "sha1-7MIoSG9pmR5J6UdkhaW+Ho/FxNk=",
      "requires": {
        "json-buffer": "3.0.0"
      }
    },
    "lodash": {
      "version": "4.17.15",
      "resolved": "https://registry.npmjs.org/lodash/-/lodash-4.17.15.tgz",
      "integrity": "sha1-tEf2ZwoEVbv+7dETku/zMOoJdUg="
    },
    "lowercase-keys": {
      "version": "2.0.0",
      "resolved": "https://registry.npmjs.org/lowercase-keys/-/lowercase-keys-2.0.0.tgz",
      "integrity": "sha1-JgPni3tLAAbLyi+8yKMgJVislHk="
    },
    "lru-cache": {
      "version": "5.1.1",
      "resolved": "https://registry.npmjs.org/lru-cache/-/lru-cache-5.1.1.tgz",
      "integrity": "sha1-HaJ+ZxAnGUdpXa9oSOhH8B2EuSA=",
      "requires": {
        "yallist": "^3.0.2"
      }
    },
    "m3u8stream": {
      "version": "0.6.4",
      "resolved": "https://registry.npmjs.org/m3u8stream/-/m3u8stream-0.6.4.tgz",
      "integrity": "sha512-9WLF1VAtbVij03HWJKbVZ8L0orsoZiP53UljR5EwaDrozQFMsTGRDPe3PbzWV73He8a+j5H/hWZNoI2VkUSsiw==",
      "requires": {
        "miniget": "^1.6.1",
        "sax": "^1.2.4"
      }
    },
    "media-typer": {
      "version": "1.1.0",
      "resolved": "https://registry.npmjs.org/media-typer/-/media-typer-1.1.0.tgz",
      "integrity": "sha1-ardLjy0zIPIGSyqHo455Mf86VWE="
    },
    "mime": {
      "version": "2.4.4",
      "resolved": "https://registry.npmjs.org/mime/-/mime-2.4.4.tgz",
      "integrity": "sha1-vXuRE1/GsBzePpuuM9ZZtj2IV+U="
    },
    "mimic-response": {
      "version": "2.0.0",
      "resolved": "https://registry.npmjs.org/mimic-response/-/mimic-response-2.0.0.tgz",
      "integrity": "sha1-mWpRxgrfEsuKh9f7jvJMLz1eu0Y="
    },
    "miniget": {
      "version": "1.6.1",
      "resolved": "https://registry.npmjs.org/miniget/-/miniget-1.6.1.tgz",
      "integrity": "sha512-I5oBwZmcaOuJrjQn7lpS29HM+aAZDbzKbX5ouxVyhFYdg6fA6YKOTwOCgzZQwlHuMek3FlCxz6eNrd4pOXbwOA=="
    },
    "minimatch": {
      "version": "3.0.4",
      "resolved": "https://registry.npmjs.org/minimatch/-/minimatch-3.0.4.tgz",
      "integrity": "sha1-UWbihkV/AzBgZL5Ul+jbsMPTIIM=",
      "requires": {
        "brace-expansion": "^1.1.7"
      }
    },
    "moment": {
      "version": "2.24.0",
      "resolved": "https://registry.npmjs.org/moment/-/moment-2.24.0.tgz",
      "integrity": "sha1-DQVdU/UFKqZTyfbraLtdEr9cK1s="
    },
    "ms": {
      "version": "2.0.0",
      "resolved": "https://registry.npmjs.org/ms/-/ms-2.0.0.tgz",
      "integrity": "sha1-VgiurfwAvmwpAd9fmGF4jeDVl8g="
    },
    "music-metadata": {
      "version": "6.1.1",
      "resolved": "https://registry.npmjs.org/music-metadata/-/music-metadata-6.1.1.tgz",
      "integrity": "sha512-TXk6b8opdfxxP+MiZYnZ2PEZR+r4MMZio7WtiefpgUJGZe/CEXSX24nlW9q0dJr7lruNlqpHYfF8WlljoYyrcA==",
      "requires": {
        "content-type": "^1.0.4",
        "debug": "^4.1.0",
        "file-type": "^13.0.3",
        "media-typer": "^1.1.0",
        "strtok3": "^5.0.1",
        "token-types": "^2.0.0"
      },
      "dependencies": {
        "debug": {
          "version": "4.1.1",
          "resolved": "https://registry.npmjs.org/debug/-/debug-4.1.1.tgz",
          "integrity": "sha512-pYAIzeRo8J6KPEaJ0VWOh5Pzkbw/RetuzehGM7QRRX5he4fPHx2rdKMB256ehJCkX+XRQm16eZLqLNS8RSZXZw==",
          "requires": {
            "ms": "^2.1.1"
          }
        },
        "file-type": {
          "version": "13.0.3",
          "resolved": "https://registry.npmjs.org/file-type/-/file-type-13.0.3.tgz",
          "integrity": "sha512-fe3+9mnMLbpP8nRQm/cJgehypv375SOFOXFdLYyYe7hWxdWgS5hkDpWnld5At/vvfVEN6rVqKA3EOKMP03tJGg==",
          "requires": {
            "readable-web-to-node-stream": "^2.0.0",
            "strtok3": "^5.0.1",
            "token-types": "^2.0.0",
            "typedarray-to-buffer": "^3.1.5"
          }
        },
        "ms": {
          "version": "2.1.2",
          "resolved": "https://registry.npmjs.org/ms/-/ms-2.1.2.tgz",
          "integrity": "sha512-sGkPx+VjMtmA6MX27oA4FBFELFCZZ4S4XqeGOXCv68tT+jb3vk/RyaKWP0PTKyWtmLSM0b+adUTEvbs1PEaH2w=="
        }
      }
    },
    "node-fetch": {
      "version": "2.6.0",
      "resolved": "https://registry.npmjs.org/node-fetch/-/node-fetch-2.6.0.tgz",
      "integrity": "sha1-5jNFY4bUqlWGP2dqerDaqP3ssP0="
    },
    "node-forge": {
      "version": "0.9.1",
      "resolved": "https://registry.npmjs.org/node-forge/-/node-forge-0.9.1.tgz",
      "integrity": "sha512-G6RlQt5Sb4GMBzXvhfkeFmbqR6MzhtnT7VTHuLadjkii3rdYHNdw0m8zA4BTxVIh68FicCQ2NSUANpsqkr9jvQ=="
    },
    "normalize-url": {
      "version": "4.5.0",
      "resolved": "https://registry.npmjs.org/normalize-url/-/normalize-url-4.5.0.tgz",
      "integrity": "sha1-RTNUCH5sqWlXvY9br3U/WYIUISk="
    },
    "once": {
      "version": "1.4.0",
      "resolved": "https://registry.npmjs.org/once/-/once-1.4.0.tgz",
      "integrity": "sha1-WDsap3WWHUsROsF9nFC6753Xa9E=",
      "requires": {
        "wrappy": "1"
      }
    },
    "p-cancelable": {
      "version": "2.0.0",
      "resolved": "https://registry.npmjs.org/p-cancelable/-/p-cancelable-2.0.0.tgz",
      "integrity": "sha1-SjdA9b2vXtXXw+NIgsb7XWsmam4="
    },
    "path-is-absolute": {
      "version": "1.0.1",
      "resolved": "https://registry.npmjs.org/path-is-absolute/-/path-is-absolute-1.0.1.tgz",
      "integrity": "sha1-F0uSaHNVNP+8es5r9TpanhtcX18="
    },
    "peek-readable": {
      "version": "3.1.0",
      "resolved": "https://registry.npmjs.org/peek-readable/-/peek-readable-3.1.0.tgz",
      "integrity": "sha1-JQsIt94J24Vz1/2OpHUhW7/xQ0g="
    },
    "pixiv-api-client": {
      "version": "0.22.0",
      "resolved": "https://registry.npmjs.org/pixiv-api-client/-/pixiv-api-client-0.22.0.tgz",
      "integrity": "sha1-aJOQMpOwQmBB+phmWKLhBFjn7Ss=",
      "requires": {
        "axios": ">=0.19.0",
        "blueimp-md5": "^2.12.0",
        "moment": "^2.24.0",
        "qs": "^6.2.1"
      }
    },
    "pump": {
      "version": "3.0.0",
      "resolved": "https://registry.npmjs.org/pump/-/pump-3.0.0.tgz",
      "integrity": "sha1-tKIRaBW94vTh6mAjVOjHVWUQemQ=",
      "requires": {
        "end-of-stream": "^1.1.0",
        "once": "^1.3.1"
      }
    },
    "qs": {
      "version": "6.8.0",
      "resolved": "https://registry.npmjs.org/qs/-/qs-6.8.0.tgz",
      "integrity": "sha1-h7dj8NN8pUIAM0zVe7Lvj2ih0IE="
    },
    "readable-web-to-node-stream": {
      "version": "2.0.0",
      "resolved": "https://registry.npmjs.org/readable-web-to-node-stream/-/readable-web-to-node-stream-2.0.0.tgz",
      "integrity": "sha1-dR5jL0ZlUqwNXEQMwBRwNS+TxLc="
    },
    "responselike": {
      "version": "2.0.0",
      "resolved": "https://registry.npmjs.org/responselike/-/responselike-2.0.0.tgz",
      "integrity": "sha1-JjkbzDF091D5p56sxAoSpcQtdyM=",
      "requires": {
        "lowercase-keys": "^2.0.0"
      }
    },
    "rimraf": {
      "version": "2.7.1",
      "resolved": "https://registry.npmjs.org/rimraf/-/rimraf-2.7.1.tgz",
      "integrity": "sha1-NXl/E6f9rcVmFCwp1PB8ytSD4+w=",
      "requires": {
        "glob": "^7.1.3"
      }
    },
    "safe-buffer": {
      "version": "5.1.2",
      "resolved": "https://registry.npmjs.org/safe-buffer/-/safe-buffer-5.1.2.tgz",
      "integrity": "sha1-mR7GnSluAxN0fVm9/St0XDX4go0="
    },
    "sax": {
      "version": "1.2.4",
      "resolved": "https://registry.npmjs.org/sax/-/sax-1.2.4.tgz",
      "integrity": "sha512-NqVDv9TpANUjFm0N8uM5GxL36UgKi9/atZw+x7YFnQ8ckwFGKrl4xX4yWtrey3UJm5nP1kUbnYgLopqWNSRhWw=="
    },
    "strtok3": {
      "version": "5.0.1",
      "resolved": "https://registry.npmjs.org/strtok3/-/strtok3-5.0.1.tgz",
      "integrity": "sha1-+J4J+gJN/4LjnBYPr42HBsJOfSE=",
      "requires": {
        "@tokenizer/token": "^0.1.0",
        "debug": "^4.1.1",
        "peek-readable": "^3.1.0"
      },
      "dependencies": {
        "debug": {
          "version": "4.1.1",
          "resolved": "https://registry.npmjs.org/debug/-/debug-4.1.1.tgz",
          "integrity": "sha512-pYAIzeRo8J6KPEaJ0VWOh5Pzkbw/RetuzehGM7QRRX5he4fPHx2rdKMB256ehJCkX+XRQm16eZLqLNS8RSZXZw==",
          "requires": {
            "ms": "^2.1.1"
          }
        },
        "ms": {
          "version": "2.1.2",
          "resolved": "https://registry.npmjs.org/ms/-/ms-2.1.2.tgz",
          "integrity": "sha512-sGkPx+VjMtmA6MX27oA4FBFELFCZZ4S4XqeGOXCv68tT+jb3vk/RyaKWP0PTKyWtmLSM0b+adUTEvbs1PEaH2w=="
        }
      }
    },
    "tmp": {
      "version": "0.1.0",
      "resolved": "https://registry.npmjs.org/tmp/-/tmp-0.1.0.tgz",
      "integrity": "sha1-7kNKTiJUMILilLpiAdzG6v76KHc=",
      "requires": {
        "rimraf": "^2.6.3"
      }
    },
    "to-readable-stream": {
      "version": "2.1.0",
      "resolved": "https://registry.npmjs.org/to-readable-stream/-/to-readable-stream-2.1.0.tgz",
      "integrity": "sha1-gogDFhIb6mYs3CJq2zCt21DLBug="
    },
    "token-types": {
      "version": "2.0.0",
      "resolved": "https://registry.npmjs.org/token-types/-/token-types-2.0.0.tgz",
      "integrity": "sha1-sjYYr3RIGCmcb78SXg/a2YurfoU=",
      "requires": {
        "@tokenizer/token": "^0.1.0",
        "ieee754": "^1.1.13"
      }
    },
    "type-fest": {
      "version": "0.8.1",
      "resolved": "https://registry.npmjs.org/type-fest/-/type-fest-0.8.1.tgz",
      "integrity": "sha1-CeJJ696FHTseSNJ8EFREZn8XuD0="
    },
    "typedarray-to-buffer": {
      "version": "3.1.5",
      "resolved": "https://registry.npmjs.org/typedarray-to-buffer/-/typedarray-to-buffer-3.1.5.tgz",
      "integrity": "sha1-qX7nqf9CaRufeD/xvFES/j/KkIA=",
      "requires": {
        "is-typedarray": "^1.0.0"
      }
    },
    "unescape": {
      "version": "1.0.1",
      "resolved": "https://registry.npmjs.org/unescape/-/unescape-1.0.1.tgz",
      "integrity": "sha1-lW5DD2HK2KTVfYLFGPXmzF0N2pY=",
      "requires": {
        "extend-shallow": "^2.0.1"
      }
    },
    "url-template": {
      "version": "2.0.8",
      "resolved": "https://registry.npmjs.org/url-template/-/url-template-2.0.8.tgz",
      "integrity": "sha1-/FZaPMy/93MMd19WQflVV5FDnyE="
    },
    "uuid": {
      "version": "3.3.3",
      "resolved": "https://registry.npmjs.org/uuid/-/uuid-3.3.3.tgz",
      "integrity": "sha1-RWjwIW54dg7h2/Ok0s9T4iQRKGY="
    },
    "which": {
      "version": "1.3.1",
      "resolved": "https://registry.npmjs.org/which/-/which-1.3.1.tgz",
      "integrity": "sha1-pFBD1U9YBTFtqNYvn1CRjT2nCwo=",
      "requires": {
        "isexe": "^2.0.0"
      }
    },
    "wrappy": {
      "version": "1.0.2",
      "resolved": "https://registry.npmjs.org/wrappy/-/wrappy-1.0.2.tgz",
      "integrity": "sha1-tSQ9jz7BqjXxNkYFvA0QNuMKtp8="
    },
    "yallist": {
      "version": "3.1.1",
      "resolved": "https://registry.npmjs.org/yallist/-/yallist-3.1.1.tgz",
      "integrity": "sha512-a4UGQaWPH59mOXUYnAG2ewncQS4i4F43Tv3JoAM+s2VDAmS9NsK8GpDMLrCHPksFT7h3K6TOoUNn2pb7RoXx4g=="
    },
    "ytdl-core": {
      "version": "1.0.6",
      "resolved": "https://registry.npmjs.org/ytdl-core/-/ytdl-core-1.0.6.tgz",
      "integrity": "sha512-6+g8ZRxO4V7U4U8HiE3R2Or7MSOl5g8BIZ4Z6Wa/cGsNyqu5IStMJiR3I+HfI+4jGtSaHzAM2SrkVtIrjGcBNA==",
      "requires": {
        "html-entities": "^1.1.3",
        "m3u8stream": "^0.6.3",
        "miniget": "^1.6.0",
        "sax": "^1.1.3"
      }
    }
  }
}
